
Microsoft Visual Studio Solution File, Format Version 12.00
# Visual Studio 15
Project("{FAE04EC0-301F-11D3-BF4B-00C04F79EFBC}") = "Assembly-CSharp", "Assembly-CSharp.csproj", "{52AEEA18-500F-7AF9-FD13-705E85A814C8}"
EndProject
Project("{FAE04EC0-301F-11D3-BF4B-00C04F79EFBC}") = "ReproduccionVideo", "..\..\LaboAPO\ReproduccionVideo\ReproduccionVideo\ReproduccionVideo.csproj", "{4F88C28D-B086-40D1-90FA-5B3FE244AEA2}"
EndProject
Global
	GlobalSection(SolutionConfigurationPlatforms) = preSolution
		Debug|Any CPU = Debug|Any CPU
		Release|Any CPU = Release|Any CPU
	EndGlobalSection
	GlobalSection(ProjectConfigurationPlatforms) = postSolution
		{52AEEA18-500F-7AF9-FD13-705E85A814C8}.Debug|Any CPU.ActiveCfg = Debug|Any CPU
		{52AEEA18-500F-7AF9-FD13-705E85A814C8}.Debug|Any CPU.Build.0 = Debug|Any CPU
		{52AEEA18-500F-7AF9-FD13-705E85A814C8}.Release|Any CPU.ActiveCfg = Release|Any CPU
		{52AEEA18-500F-7AF9-FD13-705E85A814C8}.Release|Any CPU.Build.0 = Release|Any CPU
		{4F88C28D-B086-40D1-90FA-5B3FE244AEA2}.Debug|Any CPU.ActiveCfg = Debug|Any CPU
		{4F88C28D-B086-40D1-90FA-5B3FE244AEA2}.Debug|Any CPU.Build.0 = Debug|Any CPU
		{4F88C28D-B086-40D1-90FA-5B3FE244AEA2}.Release|Any CPU.ActiveCfg = Release|Any CPU
		{4F88C28D-B086-40D1-90FA-5B3FE244AEA2}.Release|Any CPU.Build.0 = Release|Any CPU
	EndGlobalSection
	GlobalSection(SolutionProperties) = preSolution
		HideSolutionNode = FALSE
	EndGlobalSection
EndGlobal
